
Microsoft Visual Studio Solution File, Format Version 12.00
# Visual Studio 15
VisualStudioVersion = 15.0.28010.2050
MinimumVisualStudioVersion = 10.0.40219.1
Project("{FAE04EC0-301F-11D3-BF4B-00C04F79EFBC}") = "visioconverter", "visioconverter\visioconverter.csproj", "{F81EE1D7-BCC9-47FD-8ECD-0131FF620CD2}"
EndProject
Project("{2150E333-8FDC-42A3-9474-1A3956D46DE8}") = "Solution Items", "Solution Items", "{558F5A47-DC32-4C43-975A-23FE9968E4F4}"
EndProject
Global
	GlobalSection(SolutionConfigurationPlatforms) = preSolution
		Debug|Any CPU = Debug|Any CPU
		Release|Any CPU = Release|Any CPU
	EndGlobalSection
	GlobalSection(ProjectConfigurationPlatforms) = postSolution
		{F81EE1D7-BCC9-47FD-8ECD-0131FF620CD2}.Debug|Any CPU.ActiveCfg = Release|Any CPU
		{F81EE1D7-BCC9-47FD-8ECD-0131FF620CD2}.Debug|Any CPU.Build.0 = Release|Any CPU
		{F81EE1D7-BCC9-47FD-8ECD-0131FF620CD2}.Release|Any CPU.ActiveCfg = Release|Any CPU
		{F81EE1D7-BCC9-47FD-8ECD-0131FF620CD2}.Release|Any CPU.Build.0 = Release|Any CPU
	EndGlobalSection
	GlobalSection(SolutionProperties) = preSolution
		HideSolutionNode = FALSE
	EndGlobalSection
	GlobalSection(ExtensibilityGlobals) = postSolution
		SolutionGuid = {86DB3105-FE87-45E4-BEA6-4690946AF690}
	EndGlobalSection
EndGlobal
